// !$*UTF8*$!
{
	archiveVersion = 1;
	classes = {
	};
	objectVersion = 77;
	objects = {

/* Begin PBXContainerItemProxy section */
		21CA249D2DAEDB3000CCF86F /* PBXContainerItemProxy */ = {
			isa = PBXContainerItemProxy;
			containerPortal = 21CA24872DAEDB2E00CCF86F /* Project object */;
			proxyType = 1;
			remoteGlobalIDString = 21CA248E2DAEDB2E00CCF86F;
			remoteInfo = SwiftBasics;
		};
		21CA24A72DAEDB3000CCF86F /* PBXContainerItemProxy */ = {
			isa = PBXContainerItemProxy;
			containerPortal = 21CA24872DAEDB2E00CCF86F /* Project object */;
			proxyType = 1;
			remoteGlobalIDString = 21CA248E2DAEDB2E00CCF86F;
			remoteInfo = SwiftBasics;
		};
/* End PBXContainerItemProxy section */

/* Begin PBXFileReference section */
		21CA248F2DAEDB2E00CCF86F /* SwiftBasics.app */ = {isa = PBXFileReference; explicitFileType = wrapper.application; includeInIndex = 0; path = SwiftBasics.app; sourceTree = BUILT_PRODUCTS_DIR; };
		21CA249C2DAEDB3000CCF86F /* SwiftBasicsTests.xctest */ = {isa = PBXFileReference; explicitFileType = wrapper.cfbundle; includeInIndex = 0; path = SwiftBasicsTests.xctest; sourceTree = BUILT_PRODUCTS_DIR; };
		21CA24A62DAEDB3000CCF86F /* SwiftBasicsUITests.xctest */ = {isa = PBXFileReference; explicitFileType = wrapper.cfbundle; includeInIndex = 0; path = SwiftBasicsUITests.xctest; sourceTree = BUILT_PRODUCTS_DIR; };
/* End PBXFileReference section */

/* Begin PBXFileSystemSynchronizedRootGroup section */
		21CA24912DAEDB2E00CCF86F /* SwiftBasics */ = {
			isa = PBXFileSystemSynchronizedRootGroup;
			path = SwiftBasics;
			sourceTree = "<group>";
		};
		21CA249F2DAEDB3000CCF86F /* SwiftBasicsTests */ = {
			isa = PBXFileSystemSynchronizedRootGroup;
			path = SwiftBasicsTests;
			sourceTree = "<group>";
		};
		21CA24A92DAEDB3000CCF86F /* SwiftBasicsUITests */ = {
			isa = PBXFileSystemSynchronizedRootGroup;
			path = SwiftBasicsUITests;
			sourceTree = "<group>";
		};
/* End PBXFileSystemSynchronizedRootGroup section */

/* Begin PBXFrameworksBuildPhase section */
		21CA248C2DAEDB2E00CCF86F /* Frameworks */ = {
			isa = PBXFrameworksBuildPhase;
			buildActionMask = 2147483647;
			files = (
			);
			runOnlyForDeploymentPostprocessing = 0;
		};
		21CA24992DAEDB3000CCF86F /* Frameworks */ = {
			isa = PBXFrameworksBuildPhase;
			buildActionMask = 2147483647;
			files = (
			);
			runOnlyForDeploymentPostprocessing = 0;
		};
		21CA24A32DAEDB3000CCF86F /* Frameworks */ = {
			isa = PBXFrameworksBuildPhase;
			buildActionMask = 2147483647;
			files = (
			);
			runOnlyForDeploymentPostprocessing = 0;
		};
/* End PBXFrameworksBuildPhase section */

/* Begin PBXGroup section */
		21CA24862DAEDB2E00CCF86F = {
			isa = PBXGroup;
			children = (
				21CA24912DAEDB2E00CCF86F /* SwiftBasics */,
				21CA249F2DAEDB3000CCF86F /* SwiftBasicsTests */,
				21CA24A92DAEDB3000CCF86F /* SwiftBasicsUITests */,
				21CA24902DAEDB2E00CCF86F /* Products */,
			);
			sourceTree = "<group>";
		};
		21CA24902DAEDB2E00CCF86F /* Products */ = {
			isa = PBXGroup;
			children = (
				21CA248F2DAEDB2E00CCF86F /* SwiftBasics.app */,
				21CA249C2DAEDB3000CCF86F /* SwiftBasicsTests.xctest */,
				21CA24A62DAEDB3000CCF86F /* SwiftBasicsUITests.xctest */,
			);
			name = Products;
			sourceTree = "<group>";
		};
/* End PBXGroup section */

/* Begin PBXNativeTarget section */
		21CA248E2DAEDB2E00CCF86F /* SwiftBasics */ = {
			isa = PBXNativeTarget;
			buildConfigurationList = 21CA24B02DAEDB3000CCF86F /* Build configuration list for PBXNativeTarget "SwiftBasics" */;
			buildPhases = (
				21CA248B2DAEDB2E00CCF86F /* Sources */,
				21CA248C2DAEDB2E00CCF86F /* Frameworks */,
				21CA248D2DAEDB2E00CCF86F /* Resources */,
			);
			buildRules = (
			);
			dependencies = (
			);
			fileSystemSynchronizedGroups = (
				21CA24912DAEDB2E00CCF86F /* SwiftBasics */,
			);
			name = SwiftBasics;
			packageProductDependencies = (
			);
			productName = SwiftBasics;
			productReference = 21CA248F2DAEDB2E00CCF86F /* SwiftBasics.app */;
			productType = "com.apple.product-type.application";
		};
		21CA249B2DAEDB3000CCF86F /* SwiftBasicsTests */ = {
			isa = PBXNativeTarget;
			buildConfigurationList = 21CA24B32DAEDB3000CCF86F /* Build configuration list for PBXNativeTarget "SwiftBasicsTests" */;
			buildPhases = (
				21CA24982DAEDB3000CCF86F /* Sources */,
				21CA24992DAEDB3000CCF86F /* Frameworks */,
				21CA249A2DAEDB3000CCF86F /* Resources */,
			);
			buildRules = (
			);
			dependencies = (
				21CA249E2DAEDB3000CCF86F /* PBXTargetDependency */,
			);
			fileSystemSynchronizedGroups = (
				21CA249F2DAEDB3000CCF86F /* SwiftBasicsTests */,
			);
			name = SwiftBasicsTests;
			packageProductDependencies = (
			);
			productName = SwiftBasicsTests;
			productReference = 21CA249C2DAEDB3000CCF86F /* SwiftBasicsTests.xctest */;
			productType = "com.apple.product-type.bundle.unit-test";
		};
		21CA24A52DAEDB3000CCF86F /* SwiftBasicsUITests */ = {
			isa = PBXNativeTarget;
			buildConfigurationList = 21CA24B62DAEDB3000CCF86F /* Build configuration list for PBXNativeTarget "SwiftBasicsUITests" */;
			buildPhases = (
				21CA24A22DAEDB3000CCF86F /* Sources */,
				21CA24A32DAEDB3000CCF86F /* Frameworks */,
				21CA24A42DAEDB3000CCF86F /* Resources */,
			);
			buildRules = (
			);
			dependencies = (
				21CA24A82DAEDB3000CCF86F /* PBXTargetDependency */,
			);
			fileSystemSynchronizedGroups = (
				21CA24A92DAEDB3000CCF86F /* SwiftBasicsUITests */,
			);
			name = SwiftBasicsUITests;
			packageProductDependencies = (
			);
			productName = SwiftBasicsUITests;
			productReference = 21CA24A62DAEDB3000CCF86F /* SwiftBasicsUITests.xctest */;
			productType = "com.apple.product-type.bundle.ui-testing";
		};
/* End PBXNativeTarget section */

/* Begin PBXProject section */
		21CA24872DAEDB2E00CCF86F /* Project object */ = {
			isa = PBXProject;
			attributes = {
				BuildIndependentTargetsInParallel = 1;
				LastSwiftUpdateCheck = 1630;
				LastUpgradeCheck = 1630;
				TargetAttributes = {
					21CA248E2DAEDB2E00CCF86F = {
						CreatedOnToolsVersion = 16.3;
					};
					21CA249B2DAEDB3000CCF86F = {
						CreatedOnToolsVersion = 16.3;
						TestTargetID = 21CA248E2DAEDB2E00CCF86F;
					};
					21CA24A52DAEDB3000CCF86F = {
						CreatedOnToolsVersion = 16.3;
						TestTargetID = 21CA248E2DAEDB2E00CCF86F;
					};
				};
			};
			buildConfigurationList = 21CA248A2DAEDB2E00CCF86F /* Build configuration list for PBXProject "SwiftBasics" */;
			developmentRegion = en;
			hasScannedForEncodings = 0;
			knownRegions = (
				en,
				Base,
			);
			mainGroup = 21CA24862DAEDB2E00CCF86F;
			minimizedProjectReferenceProxies = 1;
			preferredProjectObjectVersion = 77;
			productRefGroup = 21CA24902DAEDB2E00CCF86F /* Products */;
			projectDirPath = "";
			projectRoot = "";
			targets = (
				21CA248E2DAEDB2E00CCF86F /* SwiftBasics */,
				21CA249B2DAEDB3000CCF86F /* SwiftBasicsTests */,
				21CA24A52DAEDB3000CCF86F /* SwiftBasicsUITests */,
			);
		};
/* End PBXProject section */

/* Begin PBXResourcesBuildPhase section */
		21CA248D2DAEDB2E00CCF86F /* Resources */ = {
			isa = PBXResourcesBuildPhase;
			buildActionMask = 2147483647;
			files = (
			);
			runOnlyForDeploymentPostprocessing = 0;
		};
		21CA249A2DAEDB3000CCF86F /* Resources */ = {
			isa = PBXResourcesBuildPhase;
			buildActionMask = 2147483647;
			files = (
			);
			runOnlyForDeploymentPostprocessing = 0;
		};
		21CA24A42DAEDB3000CCF86F /* Resources */ = {
			isa = PBXResourcesBuildPhase;
			buildActionMask = 2147483647;
			files = (
			);
			runOnlyForDeploymentPostprocessing = 0;
		};
/* End PBXResourcesBuildPhase section */

/* Begin PBXSourcesBuildPhase section */
		21CA248B2DAEDB2E00CCF86F /* Sources */ = {
			isa = PBXSourcesBuildPhase;
			buildActionMask = 2147483647;
			files = (
			);
			runOnlyForDeploymentPostprocessing = 0;
		};
		21CA24982DAEDB3000CCF86F /* Sources */ = {
			isa = PBXSourcesBuildPhase;
			buildActionMask = 2147483647;
			files = (
			);
			runOnlyForDeploymentPostprocessing = 0;
		};
		21CA24A22DAEDB3000CCF86F /* Sources */ = {
			isa = PBXSourcesBuildPhase;
			buildActionMask = 2147483647;
			files = (
			);
			runOnlyForDeploymentPostprocessing = 0;
		};
/* End PBXSourcesBuildPhase section */

/* Begin PBXTargetDependency section */
		21CA249E2DAEDB3000CCF86F /* PBXTargetDependency */ = {
			isa = PBXTargetDependency;
			target = 21CA248E2DAEDB2E00CCF86F /* SwiftBasics */;
			targetProxy = 21CA249D2DAEDB3000CCF86F /* PBXContainerItemProxy */;
		};
		21CA24A82DAEDB3000CCF86F /* PBXTargetDependency */ = {
			isa = PBXTargetDependency;
			target = 21CA248E2DAEDB2E00CCF86F /* SwiftBasics */;
			targetProxy = 21CA24A72DAEDB3000CCF86F /* PBXContainerItemProxy */;
		};
/* End PBXTargetDependency section */

/* Begin XCBuildConfiguration section */
		21CA24AE2DAEDB3000CCF86F /* Debug */ = {
			isa = XCBuildConfiguration;
			buildSettings = {
				ALWAYS_SEARCH_USER_PATHS = NO;
				ASSETCATALOG_COMPILER_GENERATE_SWIFT_ASSET_SYMBOL_EXTENSIONS = YES;
				CLANG_ANALYZER_NONNULL = YES;
				CLANG_ANALYZER_NUMBER_OBJECT_CONVERSION = YES_AGGRESSIVE;
				CLANG_CXX_LANGUAGE_STANDARD = "gnu++20";
				CLANG_ENABLE_MODULES = YES;
				CLANG_ENABLE_OBJC_ARC = YES;
				CLANG_ENABLE_OBJC_WEAK = YES;
				CLANG_WARN_BLOCK_CAPTURE_AUTORELEASING = YES;
				CLANG_WARN_BOOL_CONVERSION = YES;
				CLANG_WARN_COMMA = YES;
				CLANG_WARN_CONSTANT_CONVERSION = YES;
				CLANG_WARN_DEPRECATED_OBJC_IMPLEMENTATIONS = YES;
				CLANG_WARN_DIRECT_OBJC_ISA_USAGE = YES_ERROR;
				CLANG_WARN_DOCUMENTATION_COMMENTS = YES;
				CLANG_WARN_EMPTY_BODY = YES;
				CLANG_WARN_ENUM_CONVERSION = YES;
				CLANG_WARN_INFINITE_RECURSION = YES;
				CLANG_WARN_INT_CONVERSION = YES;
				CLANG_WARN_NON_LITERAL_NULL_CONVERSION = YES;
				CLANG_WARN_OBJC_IMPLICIT_RETAIN_SELF = YES;
				CLANG_WARN_OBJC_LITERAL_CONVERSION = YES;
				CLANG_WARN_OBJC_ROOT_CLASS = YES_ERROR;
				CLANG_WARN_QUOTED_INCLUDE_IN_FRAMEWORK_HEADER = YES;
				CLANG_WARN_RANGE_LOOP_ANALYSIS = YES;
				CLANG_WARN_STRICT_PROTOTYPES = YES;
				CLANG_WARN_SUSPICIOUS_MOVE = YES;
				CLANG_WARN_UNGUARDED_AVAILABILITY = YES_AGGRESSIVE;
				CLANG_WARN_UNREACHABLE_CODE = YES;
				CLANG_WARN__DUPLICATE_METHOD_MATCH = YES;
				COPY_PHASE_STRIP = NO;
				DEBUG_INFORMATION_FORMAT = dwarf;
				ENABLE_STRICT_OBJC_MSGSEND = YES;
				ENABLE_TESTABILITY = YES;
				ENABLE_USER_SCRIPT_SANDBOXING = YES;
				GCC_C_LANGUAGE_STANDARD = gnu17;
				GCC_DYNAMIC_NO_PIC = NO;
				GCC_NO_COMMON_BLOCKS = YES;
				GCC_OPTIMIZATION_LEVEL = 0;
				GCC_PREPROCESSOR_DEFINITIONS = (
					"DEBUG=1",
					"$(inherited)",
				);
				GCC_WARN_64_TO_32_BIT_CONVERSION = YES;
				GCC_WARN_ABOUT_RETURN_TYPE = YES_ERROR;
				GCC_WARN_UNDECLARED_SELECTOR = YES;
				GCC_WARN_UNINITIALIZED_AUTOS = YES_AGGRESSIVE;
				GCC_WARN_UNUSED_FUNCTION = YES;
				GCC_WARN_UNUSED_VARIABLE = YES;
				IPHONEOS_DEPLOYMENT_TARGET = 18.4;
				LOCALIZATION_PREFERS_STRING_CATALOGS = YES;
				MTL_ENABLE_DEBUG_INFO = INCLUDE_SOURCE;
				MTL_FAST_MATH = YES;
				ONLY_ACTIVE_ARCH = YES;
				SDKROOT = iphoneos;
				SWIFT_ACTIVE_COMPILATION_CONDITIONS = "DEBUG $(inherited)";
				SWIFT_OPTIMIZATION_LEVEL = "-Onone";
			};
			name = Debug;
		};
		21CA24AF2DAEDB3000CCF86F /* Release */ = {
			isa = XCBuildConfiguration;
			buildSettings = {
				ALWAYS_SEARCH_USER_PATHS = NO;
				ASSETCATALOG_COMPILER_GENERATE_SWIFT_ASSET_SYMBOL_EXTENSIONS = YES;
				CLANG_ANALYZER_NONNULL = YES;
				CLANG_ANALYZER_NUMBER_OBJECT_CONVERSION = YES_AGGRESSIVE;
				CLANG_CXX_LANGUAGE_STANDARD = "gnu++20";
				CLANG_ENABLE_MODULES = YES;
				CLANG_ENABLE_OBJC_ARC = YES;
				CLANG_ENABLE_OBJC_WEAK = YES;
				CLANG_WARN_BLOCK_CAPTURE_AUTORELEASING = YES;
				CLANG_WARN_BOOL_CONVERSION = YES;
				CLANG_WARN_COMMA = YES;
				CLANG_WARN_CONSTANT_CONVERSION = YES;
				CLANG_WARN_DEPRECATED_OBJC_IMPLEMENTATIONS = YES;
				CLANG_WARN_DIRECT_OBJC_ISA_USAGE = YES_ERROR;
				CLANG_WARN_DOCUMENTATION_COMMENTS = YES;
				CLANG_WARN_EMPTY_BODY = YES;
				CLANG_WARN_ENUM_CONVERSION = YES;
				CLANG_WARN_INFINITE_RECURSION = YES;
				CLANG_WARN_INT_CONVERSION = YES;
				CLANG_WARN_NON_LITERAL_NULL_CONVERSION = YES;
				CLANG_WARN_OBJC_IMPLICIT_RETAIN_SELF = YES;
				CLANG_WARN_OBJC_LITERAL_CONVERSION = YES;
				CLANG_WARN_OBJC_ROOT_CLASS = YES_ERROR;
				CLANG_WARN_QUOTED_INCLUDE_IN_FRAMEWORK_HEADER = YES;
				CLANG_WARN_RANGE_LOOP_ANALYSIS = YES;
				CLANG_WARN_STRICT_PROTOTYPES = YES;
				CLANG_WARN_SUSPICIOUS_MOVE = YES;
				CLANG_WARN_UNGUARDED_AVAILABILITY = YES_AGGRESSIVE;
				CLANG_WARN_UNREACHABLE_CODE = YES;
				CLANG_WARN__DUPLICATE_METHOD_MATCH = YES;
				COPY_PHASE_STRIP = NO;
				DEBUG_INFORMATION_FORMAT = "dwarf-with-dsym";
				ENABLE_NS_ASSERTIONS = NO;
				ENABLE_STRICT_OBJC_MSGSEND = YES;
				ENABLE_USER_SCRIPT_SANDBOXING = YES;
				GCC_C_LANGUAGE_STANDARD = gnu17;
				GCC_NO_COMMON_BLOCKS = YES;
				GCC_WARN_64_TO_32_BIT_CONVERSION = YES;
				GCC_WARN_ABOUT_RETURN_TYPE = YES_ERROR;
				GCC_WARN_UNDECLARED_SELECTOR = YES;
				GCC_WARN_UNINITIALIZED_AUTOS = YES_AGGRESSIVE;
				GCC_WARN_UNUSED_FUNCTION = YES;
				GCC_WARN_UNUSED_VARIABLE = YES;
				IPHONEOS_DEPLOYMENT_TARGET = 18.4;
				LOCALIZATION_PREFERS_STRING_CATALOGS = YES;
				MTL_ENABLE_DEBUG_INFO = NO;
				MTL_FAST_MATH = YES;
				SDKROOT = iphoneos;
				SWIFT_COMPILATION_MODE = wholemodule;
				VALIDATE_PRODUCT = YES;
			};
			name = Release;
		};
		21CA24B12DAEDB3000CCF86F /* Debug */ = {
			isa = XCBuildConfiguration;
			buildSettings = {
				ASSETCATALOG_COMPILER_APPICON_NAME = AppIcon;
				ASSETCATALOG_COMPILER_GLOBAL_ACCENT_COLOR_NAME = AccentColor;
				CODE_SIGN_STYLE = Automatic;
				CURRENT_PROJECT_VERSION = 1;
				ENABLE_PREVIEWS = YES;
				GENERATE_INFOPLIST_FILE = YES;
				INFOPLIST_KEY_UIApplicationSceneManifest_Generation = YES;
				INFOPLIST_KEY_UIApplicationSupportsIndirectInputEvents = YES;
				INFOPLIST_KEY_UILaunchScreen_Generation = YES;
				INFOPLIST_KEY_UISupportedInterfaceOrientations_iPad = "UIInterfaceOrientationPortrait UIInterfaceOrientationPortraitUpsideDown UIInterfaceOrientationLandscapeLeft UIInterfaceOrientationLandscapeRight";
				INFOPLIST_KEY_UISupportedInterfaceOrientations_iPhone = "UIInterfaceOrientationPortrait UIInterfaceOrientationLandscapeLeft UIInterfaceOrientationLandscapeRight";
				LD_RUNPATH_SEARCH_PATHS = (
					"$(inherited)",
					"@executable_path/Frameworks",
				);
				MARKETING_VERSION = 1.0;
				PRODUCT_BUNDLE_IDENTIFIER = com.oguzhankuzlukluoglu.SwiftBasics.SwiftBasics;
				PRODUCT_NAME = "$(TARGET_NAME)";
				SWIFT_EMIT_LOC_STRINGS = YES;
				SWIFT_VERSION = 5.0;
				TARGETED_DEVICE_FAMILY = "1,2";
			};
			name = Debug;
		};
		21CA24B22DAEDB3000CCF86F /* Release */ = {
			isa = XCBuildConfiguration;
			buildSettings = {
				ASSETCATALOG_COMPILER_APPICON_NAME = AppIcon;
				ASSETCATALOG_COMPILER_GLOBAL_ACCENT_COLOR_NAME = AccentColor;
				CODE_SIGN_STYLE = Automatic;
				CURRENT_PROJECT_VERSION = 1;
				ENABLE_PREVIEWS = YES;
				GENERATE_INFOPLIST_FILE = YES;
				INFOPLIST_KEY_UIApplicationSceneManifest_Generation = YES;
				INFOPLIST_KEY_UIApplicationSupportsIndirectInputEvents = YES;
				INFOPLIST_KEY_UILaunchScreen_Generation = YES;
				INFOPLIST_KEY_UISupportedInterfaceOrientations_iPad = "UIInterfaceOrientationPortrait UIInterfaceOrientationPortraitUpsideDown UIInterfaceOrientationLandscapeLeft UIInterfaceOrientationLandscapeRight";
				INFOPLIST_KEY_UISupportedInterfaceOrientations_iPhone = "UIInterfaceOrientationPortrait UIInterfaceOrientationLandscapeLeft UIInterfaceOrientationLandscapeRight";
				LD_RUNPATH_SEARCH_PATHS = (
					"$(inherited)",
					"@executable_path/Frameworks",
				);
				MARKETING_VERSION = 1.0;
				PRODUCT_BUNDLE_IDENTIFIER = com.oguzhankuzlukluoglu.SwiftBasics.SwiftBasics;
				PRODUCT_NAME = "$(TARGET_NAME)";
				SWIFT_EMIT_LOC_STRINGS = YES;
				SWIFT_VERSION = 5.0;
				TARGETED_DEVICE_FAMILY = "1,2";
			};
			name = Release;
		};
		21CA24B42DAEDB3000CCF86F /* Debug */ = {
			isa = XCBuildConfiguration;
			buildSettings = {
				BUNDLE_LOADER = "$(TEST_HOST)";
				CODE_SIGN_STYLE = Automatic;
				CURRENT_PROJECT_VERSION = 1;
				GENERATE_INFOPLIST_FILE = YES;
				IPHONEOS_DEPLOYMENT_TARGET = 18.4;
				MARKETING_VERSION = 1.0;
				PRODUCT_BUNDLE_IDENTIFIER = com.oguzhankuzlukluoglu.SwiftBasics.SwiftBasicsTests;
				PRODUCT_NAME = "$(TARGET_NAME)";
				SWIFT_EMIT_LOC_STRINGS = NO;
				SWIFT_VERSION = 5.0;
				TARGETED_DEVICE_FAMILY = "1,2";
				TEST_HOST = "$(BUILT_PRODUCTS_DIR)/SwiftBasics.app/$(BUNDLE_EXECUTABLE_FOLDER_PATH)/SwiftBasics";
			};
			name = Debug;
		};
		21CA24B52DAEDB3000CCF86F /* Release */ = {
			isa = XCBuildConfiguration;
			buildSettings = {
				BUNDLE_LOADER = "$(TEST_HOST)";
				CODE_SIGN_STYLE = Automatic;
				CURRENT_PROJECT_VERSION = 1;
				GENERATE_INFOPLIST_FILE = YES;
				IPHONEOS_DEPLOYMENT_TARGET = 18.4;
				MARKETING_VERSION = 1.0;
				PRODUCT_BUNDLE_IDENTIFIER = com.oguzhankuzlukluoglu.SwiftBasics.SwiftBasicsTests;
				PRODUCT_NAME = "$(TARGET_NAME)";
				SWIFT_EMIT_LOC_STRINGS = NO;
				SWIFT_VERSION = 5.0;
				TARGETED_DEVICE_FAMILY = "1,2";
				TEST_HOST = "$(BUILT_PRODUCTS_DIR)/SwiftBasics.app/$(BUNDLE_EXECUTABLE_FOLDER_PATH)/SwiftBasics";
			};
			name = Release;
		};
		21CA24B72DAEDB3000CCF86F /* Debug */ = {
			isa = XCBuildConfiguration;
			buildSettings = {
				CODE_SIGN_STYLE = Automatic;
				CURRENT_PROJECT_VERSION = 1;
				GENERATE_INFOPLIST_FILE = YES;
				MARKETING_VERSION = 1.0;
				PRODUCT_BUNDLE_IDENTIFIER = com.oguzhankuzlukluoglu.SwiftBasics.SwiftBasicsUITests;
				PRODUCT_NAME = "$(TARGET_NAME)";
				SWIFT_EMIT_LOC_STRINGS = NO;
				SWIFT_VERSION = 5.0;
				TARGETED_DEVICE_FAMILY = "1,2";
				TEST_TARGET_NAME = SwiftBasics;
			};
			name = Debug;
		};
		21CA24B82DAEDB3000CCF86F /* Release */ = {
			isa = XCBuildConfiguration;
			buildSettings = {
				CODE_SIGN_STYLE = Automatic;
				CURRENT_PROJECT_VERSION = 1;
				GENERATE_INFOPLIST_FILE = YES;
				MARKETING_VERSION = 1.0;
				PRODUCT_BUNDLE_IDENTIFIER = com.oguzhankuzlukluoglu.SwiftBasics.SwiftBasicsUITests;
				PRODUCT_NAME = "$(TARGET_NAME)";
				SWIFT_EMIT_LOC_STRINGS = NO;
				SWIFT_VERSION = 5.0;
				TARGETED_DEVICE_FAMILY = "1,2";
				TEST_TARGET_NAME = SwiftBasics;
			};
			name = Release;
		};
/* End XCBuildConfiguration section */

/* Begin XCConfigurationList section */
		21CA248A2DAEDB2E00CCF86F /* Build configuration list for PBXProject "SwiftBasics" */ = {
			isa = XCConfigurationList;
			buildConfigurations = (
				21CA24AE2DAEDB3000CCF86F /* Debug */,
				21CA24AF2DAEDB3000CCF86F /* Release */,
			);
			defaultConfigurationIsVisible = 0;
			defaultConfigurationName = Release;
		};
		21CA24B02DAEDB3000CCF86F /* Build configuration list for PBXNativeTarget "SwiftBasics" */ = {
			isa = XCConfigurationList;
			buildConfigurations = (
				21CA24B12DAEDB3000CCF86F /* Debug */,
				21CA24B22DAEDB3000CCF86F /* Release */,
			);
			defaultConfigurationIsVisible = 0;
			defaultConfigurationName = Release;
		};
		21CA24B32DAEDB3000CCF86F /* Build configuration list for PBXNativeTarget "SwiftBasicsTests" */ = {
			isa = XCConfigurationList;
			buildConfigurations = (
				21CA24B42DAEDB3000CCF86F /* Debug */,
				21CA24B52DAEDB3000CCF86F /* Release */,
			);
			defaultConfigurationIsVisible = 0;
			defaultConfigurationName = Release;
		};
		21CA24B62DAEDB3000CCF86F /* Build configuration list for PBXNativeTarget "SwiftBasicsUITests" */ = {
			isa = XCConfigurationList;
			buildConfigurations = (
				21CA24B72DAEDB3000CCF86F /* Debug */,
				21CA24B82DAEDB3000CCF86F /* Release */,
			);
			defaultConfigurationIsVisible = 0;
			defaultConfigurationName = Release;
		};
/* End XCConfigurationList section */
	};
	rootObject = 21CA24872DAEDB2E00CCF86F /* Project object */;
}
